// !$*UTF8*$!
{
	archiveVersion = 1;
	classes = {
	};
	objectVersion = 52;
	objects = {

/* Begin PBXBuildFile section */
		70050638266B991600168A21 /* AppDelegate.swift in Sources */ = {isa = PBXBuildFile; fileRef = 70050637266B991600168A21 /* AppDelegate.swift */; };
		7005063A266B991600168A21 /* SceneDelegate.swift in Sources */ = {isa = PBXBuildFile; fileRef = 70050639266B991600168A21 /* SceneDelegate.swift */; };
		7005063C266B991600168A21 /* AuthViewController.swift in Sources */ = {isa = PBXBuildFile; fileRef = 7005063B266B991600168A21 /* AuthViewController.swift */; };
		70050641266B991700168A21 /* Assets.xcassets in Resources */ = {isa = PBXBuildFile; fileRef = 70050640266B991700168A21 /* Assets.xcassets */; };
		70050644266B991700168A21 /* LaunchScreen.storyboard in Resources */ = {isa = PBXBuildFile; fileRef = 70050642266B991700168A21 /* LaunchScreen.storyboard */; };
		7005064F266B9DA000168A21 /* VKSdkFramework.xcframework in Frameworks */ = {isa = PBXBuildFile; fileRef = 7005064E266B9DA000168A21 /* VKSdkFramework.xcframework */; };
		70050656266BA06000168A21 /* AuthService.swift in Sources */ = {isa = PBXBuildFile; fileRef = 70050655266BA06000168A21 /* AuthService.swift */; };
		7005065D266BA27A00168A21 /* AuthViewController.storyboard in Resources */ = {isa = PBXBuildFile; fileRef = 7005065C266BA27A00168A21 /* AuthViewController.storyboard */; };
		70050661266BBA4400168A21 /* FeedViewController.swift in Sources */ = {isa = PBXBuildFile; fileRef = 70050660266BBA4400168A21 /* FeedViewController.swift */; };
		70050673266BBC1900168A21 /* FeedViewController.storyboard in Resources */ = {isa = PBXBuildFile; fileRef = 70050672266BBC1900168A21 /* FeedViewController.storyboard */; };
		7005067D266BC0AE00168A21 /* NetworkService.swift in Sources */ = {isa = PBXBuildFile; fileRef = 7005067C266BC0AE00168A21 /* NetworkService.swift */; };
		70050682266BC26300168A21 /* APIStruct.swift in Sources */ = {isa = PBXBuildFile; fileRef = 70050681266BC26300168A21 /* APIStruct.swift */; };
		7056071B266FC69700510BA7 /* FeedResponse.swift in Sources */ = {isa = PBXBuildFile; fileRef = 7056071A266FC69700510BA7 /* FeedResponse.swift */; };
		70560720266FC98500510BA7 /* NetworkDataFetcher.swift in Sources */ = {isa = PBXBuildFile; fileRef = 7056071F266FC98500510BA7 /* NetworkDataFetcher.swift */; };
/* End PBXBuildFile section */

/* Begin PBXFileReference section */
		70050634266B991600168A21 /* VkFeedNews.app */ = {isa = PBXFileReference; explicitFileType = wrapper.application; includeInIndex = 0; path = VkFeedNews.app; sourceTree = BUILT_PRODUCTS_DIR; };
		70050637266B991600168A21 /* AppDelegate.swift */ = {isa = PBXFileReference; lastKnownFileType = sourcecode.swift; path = AppDelegate.swift; sourceTree = "<group>"; };
		70050639266B991600168A21 /* SceneDelegate.swift */ = {isa = PBXFileReference; lastKnownFileType = sourcecode.swift; path = SceneDelegate.swift; sourceTree = "<group>"; };
		7005063B266B991600168A21 /* AuthViewController.swift */ = {isa = PBXFileReference; lastKnownFileType = sourcecode.swift; path = AuthViewController.swift; sourceTree = "<group>"; };
		70050640266B991700168A21 /* Assets.xcassets */ = {isa = PBXFileReference; lastKnownFileType = folder.assetcatalog; path = Assets.xcassets; sourceTree = "<group>"; };
		70050643266B991700168A21 /* Base */ = {isa = PBXFileReference; lastKnownFileType = file.storyboard; name = Base; path = Base.lproj/LaunchScreen.storyboard; sourceTree = "<group>"; };
		70050645266B991700168A21 /* Info.plist */ = {isa = PBXFileReference; lastKnownFileType = text.plist.xml; path = Info.plist; sourceTree = "<group>"; };
		7005064E266B9DA000168A21 /* VKSdkFramework.xcframework */ = {isa = PBXFileReference; lastKnownFileType = wrapper.xcframework; name = VKSdkFramework.xcframework; path = Carthage/Build/VKSdkFramework.xcframework; sourceTree = "<group>"; };
		70050655266BA06000168A21 /* AuthService.swift */ = {isa = PBXFileReference; lastKnownFileType = sourcecode.swift; path = AuthService.swift; sourceTree = "<group>"; };
		7005065C266BA27A00168A21 /* AuthViewController.storyboard */ = {isa = PBXFileReference; lastKnownFileType = file.storyboard; path = AuthViewController.storyboard; sourceTree = "<group>"; };
		70050660266BBA4400168A21 /* FeedViewController.swift */ = {isa = PBXFileReference; lastKnownFileType = sourcecode.swift; path = FeedViewController.swift; sourceTree = "<group>"; };
		70050672266BBC1900168A21 /* FeedViewController.storyboard */ = {isa = PBXFileReference; lastKnownFileType = file.storyboard; path = FeedViewController.storyboard; sourceTree = "<group>"; };
		7005067C266BC0AE00168A21 /* NetworkService.swift */ = {isa = PBXFileReference; lastKnownFileType = sourcecode.swift; path = NetworkService.swift; sourceTree = "<group>"; };
		70050681266BC26300168A21 /* APIStruct.swift */ = {isa = PBXFileReference; lastKnownFileType = sourcecode.swift; path = APIStruct.swift; sourceTree = "<group>"; };
		7056071A266FC69700510BA7 /* FeedResponse.swift */ = {isa = PBXFileReference; lastKnownFileType = sourcecode.swift; path = FeedResponse.swift; sourceTree = "<group>"; };
		7056071F266FC98500510BA7 /* NetworkDataFetcher.swift */ = {isa = PBXFileReference; lastKnownFileType = sourcecode.swift; path = NetworkDataFetcher.swift; sourceTree = "<group>"; };
/* End PBXFileReference section */

/* Begin PBXFrameworksBuildPhase section */
		70050631266B991600168A21 /* Frameworks */ = {
			isa = PBXFrameworksBuildPhase;
			buildActionMask = 2147483647;
			files = (
				7005064F266B9DA000168A21 /* VKSdkFramework.xcframework in Frameworks */,
			);
			runOnlyForDeploymentPostprocessing = 0;
		};
/* End PBXFrameworksBuildPhase section */

/* Begin PBXGroup section */
		7005062B266B991600168A21 = {
			isa = PBXGroup;
			children = (
				70050636266B991600168A21 /* VkFeedNews */,
				70050635266B991600168A21 /* Products */,
				7005064D266B9DA000168A21 /* Frameworks */,
			);
			sourceTree = "<group>";
		};
		70050635266B991600168A21 /* Products */ = {
			isa = PBXGroup;
			children = (
				70050634266B991600168A21 /* VkFeedNews.app */,
			);
			name = Products;
			sourceTree = "<group>";
		};
		70050636266B991600168A21 /* VkFeedNews */ = {
			isa = PBXGroup;
			children = (
				70050637266B991600168A21 /* AppDelegate.swift */,
				70050639266B991600168A21 /* SceneDelegate.swift */,
				70050658266BA06E00168A21 /* Services */,
				7005067A266BBC7D00168A21 /* Auth */,
				70050666266BBAB700168A21 /* FeedViewController */,
				70050640266B991700168A21 /* Assets.xcassets */,
				70050642266B991700168A21 /* LaunchScreen.storyboard */,
				70050645266B991700168A21 /* Info.plist */,
			);
			path = VkFeedNews;
			sourceTree = "<group>";
		};
		7005064D266B9DA000168A21 /* Frameworks */ = {
			isa = PBXGroup;
			children = (
				7005064E266B9DA000168A21 /* VKSdkFramework.xcframework */,
			);
			name = Frameworks;
			sourceTree = "<group>";
		};
		70050658266BA06E00168A21 /* Services */ = {
			isa = PBXGroup;
			children = (
				70050655266BA06000168A21 /* AuthService.swift */,
				7005067C266BC0AE00168A21 /* NetworkService.swift */,
				70050681266BC26300168A21 /* APIStruct.swift */,
				7056071D266FC96300510BA7 /* Models */,
				7056071F266FC98500510BA7 /* NetworkDataFetcher.swift */,
			);
			path = Services;
			sourceTree = "<group>";
		};
		70050666266BBAB700168A21 /* FeedViewController */ = {
			isa = PBXGroup;
			children = (
				70050660266BBA4400168A21 /* FeedViewController.swift */,
				70050672266BBC1900168A21 /* FeedViewController.storyboard */,
			);
			path = FeedViewController;
			sourceTree = "<group>";
		};
		7005067A266BBC7D00168A21 /* Auth */ = {
			isa = PBXGroup;
			children = (
				7005063B266B991600168A21 /* AuthViewController.swift */,
				7005065C266BA27A00168A21 /* AuthViewController.storyboard */,
			);
			path = Auth;
			sourceTree = "<group>";
		};
		7056071D266FC96300510BA7 /* Models */ = {
			isa = PBXGroup;
			children = (
				7056071A266FC69700510BA7 /* FeedResponse.swift */,
			);
			path = Models;
			sourceTree = "<group>";
		};
/* End PBXGroup section */

/* Begin PBXNativeTarget section */
		70050633266B991600168A21 /* VkFeedNews */ = {
			isa = PBXNativeTarget;
			buildConfigurationList = 70050648266B991700168A21 /* Build configuration list for PBXNativeTarget "VkFeedNews" */;
			buildPhases = (
				70050630266B991600168A21 /* Sources */,
				70050631266B991600168A21 /* Frameworks */,
				70050632266B991600168A21 /* Resources */,
				7005064C266B992000168A21 /* ShellScript */,
			);
			buildRules = (
			);
			dependencies = (
			);
			name = VkFeedNews;
			productName = VkFeedNews;
			productReference = 70050634266B991600168A21 /* VkFeedNews.app */;
			productType = "com.apple.product-type.application";
		};
/* End PBXNativeTarget section */

/* Begin PBXProject section */
		7005062C266B991600168A21 /* Project object */ = {
			isa = PBXProject;
			attributes = {
				LastSwiftUpdateCheck = 1240;
				LastUpgradeCheck = 1240;
				TargetAttributes = {
					70050633266B991600168A21 = {
						CreatedOnToolsVersion = 12.4;
					};
				};
			};
			buildConfigurationList = 7005062F266B991600168A21 /* Build configuration list for PBXProject "VkFeedNews" */;
			compatibilityVersion = "Xcode 9.3";
			developmentRegion = en;
			hasScannedForEncodings = 0;
			knownRegions = (
				en,
				Base,
			);
			mainGroup = 7005062B266B991600168A21;
			productRefGroup = 70050635266B991600168A21 /* Products */;
			projectDirPath = "";
			projectRoot = "";
			targets = (
				70050633266B991600168A21 /* VkFeedNews */,
			);
		};
/* End PBXProject section */

/* Begin PBXResourcesBuildPhase section */
		70050632266B991600168A21 /* Resources */ = {
			isa = PBXResourcesBuildPhase;
			buildActionMask = 2147483647;
			files = (
				70050644266B991700168A21 /* LaunchScreen.storyboard in Resources */,
				7005065D266BA27A00168A21 /* AuthViewController.storyboard in Resources */,
				70050641266B991700168A21 /* Assets.xcassets in Resources */,
				70050673266BBC1900168A21 /* FeedViewController.storyboard in Resources */,
			);
			runOnlyForDeploymentPostprocessing = 0;
		};
/* End PBXResourcesBuildPhase section */

/* Begin PBXShellScriptBuildPhase section */
		7005064C266B992000168A21 /* ShellScript */ = {
			isa = PBXShellScriptBuildPhase;
			buildActionMask = 2147483647;
			files = (
			);
			inputFileListPaths = (
			);
			inputPaths = (
				"",
			);
			outputFileListPaths = (
			);
			outputPaths = (
			);
			runOnlyForDeploymentPostprocessing = 0;
			shellPath = /bin/sh;
			shellScript = "# Type a script or drag a script file from your workspace to insert its path\n";
		};
/* End PBXShellScriptBuildPhase section */

/* Begin PBXSourcesBuildPhase section */
		70050630266B991600168A21 /* Sources */ = {
			isa = PBXSourcesBuildPhase;
			buildActionMask = 2147483647;
			files = (
				7056071B266FC69700510BA7 /* FeedResponse.swift in Sources */,
				7005063C266B991600168A21 /* AuthViewController.swift in Sources */,
				70050638266B991600168A21 /* AppDelegate.swift in Sources */,
				70050661266BBA4400168A21 /* FeedViewController.swift in Sources */,
				7005063A266B991600168A21 /* SceneDelegate.swift in Sources */,
				7005067D266BC0AE00168A21 /* NetworkService.swift in Sources */,
				70560720266FC98500510BA7 /* NetworkDataFetcher.swift in Sources */,
				70050656266BA06000168A21 /* AuthService.swift in Sources */,
				70050682266BC26300168A21 /* APIStruct.swift in Sources */,
			);
			runOnlyForDeploymentPostprocessing = 0;
		};
/* End PBXSourcesBuildPhase section */

/* Begin PBXVariantGroup section */
		70050642266B991700168A21 /* LaunchScreen.storyboard */ = {
			isa = PBXVariantGroup;
			children = (
				70050643266B991700168A21 /* Base */,
			);
			name = LaunchScreen.storyboard;
			sourceTree = "<group>";
		};
/* End PBXVariantGroup section */

/* Begin XCBuildConfiguration section */
		70050646266B991700168A21 /* Debug */ = {
			isa = XCBuildConfiguration;
			buildSettings = {
				ALWAYS_SEARCH_USER_PATHS = NO;
				CLANG_ANALYZER_NONNULL = YES;
				CLANG_ANALYZER_NUMBER_OBJECT_CONVERSION = YES_AGGRESSIVE;
				CLANG_CXX_LANGUAGE_STANDARD = "gnu++14";
				CLANG_CXX_LIBRARY = "libc++";
				CLANG_ENABLE_MODULES = YES;
				CLANG_ENABLE_OBJC_ARC = YES;
				CLANG_ENABLE_OBJC_WEAK = YES;
				CLANG_WARN_BLOCK_CAPTURE_AUTORELEASING = YES;
				CLANG_WARN_BOOL_CONVERSION = YES;
				CLANG_WARN_COMMA = YES;
				CLANG_WARN_CONSTANT_CONVERSION = YES;
				CLANG_WARN_DEPRECATED_OBJC_IMPLEMENTATIONS = YES;
				CLANG_WARN_DIRECT_OBJC_ISA_USAGE = YES_ERROR;
				CLANG_WARN_DOCUMENTATION_COMMENTS = YES;
				CLANG_WARN_EMPTY_BODY = YES;
				CLANG_WARN_ENUM_CONVERSION = YES;
				CLANG_WARN_INFINITE_RECURSION = YES;
				CLANG_WARN_INT_CONVERSION = YES;
				CLANG_WARN_NON_LITERAL_NULL_CONVERSION = YES;
				CLANG_WARN_OBJC_IMPLICIT_RETAIN_SELF = YES;
				CLANG_WARN_OBJC_LITERAL_CONVERSION = YES;
				CLANG_WARN_OBJC_ROOT_CLASS = YES_ERROR;
				CLANG_WARN_QUOTED_INCLUDE_IN_FRAMEWORK_HEADER = YES;
				CLANG_WARN_RANGE_LOOP_ANALYSIS = YES;
				CLANG_WARN_STRICT_PROTOTYPES = YES;
				CLANG_WARN_SUSPICIOUS_MOVE = YES;
				CLANG_WARN_UNGUARDED_AVAILABILITY = YES_AGGRESSIVE;
				CLANG_WARN_UNREACHABLE_CODE = YES;
				CLANG_WARN__DUPLICATE_METHOD_MATCH = YES;
				COPY_PHASE_STRIP = NO;
				DEBUG_INFORMATION_FORMAT = dwarf;
				ENABLE_STRICT_OBJC_MSGSEND = YES;
				ENABLE_TESTABILITY = YES;
				GCC_C_LANGUAGE_STANDARD = gnu11;
				GCC_DYNAMIC_NO_PIC = NO;
				GCC_NO_COMMON_BLOCKS = YES;
				GCC_OPTIMIZATION_LEVEL = 0;
				GCC_PREPROCESSOR_DEFINITIONS = (
					"DEBUG=1",
					"$(inherited)",
				);
				GCC_WARN_64_TO_32_BIT_CONVERSION = YES;
				GCC_WARN_ABOUT_RETURN_TYPE = YES_ERROR;
				GCC_WARN_UNDECLARED_SELECTOR = YES;
				GCC_WARN_UNINITIALIZED_AUTOS = YES_AGGRESSIVE;
				GCC_WARN_UNUSED_FUNCTION = YES;
				GCC_WARN_UNUSED_VARIABLE = YES;
				IPHONEOS_DEPLOYMENT_TARGET = 14.4;
				MTL_ENABLE_DEBUG_INFO = INCLUDE_SOURCE;
				MTL_FAST_MATH = YES;
				ONLY_ACTIVE_ARCH = YES;
				SDKROOT = iphoneos;
				SWIFT_ACTIVE_COMPILATION_CONDITIONS = DEBUG;
				SWIFT_OPTIMIZATION_LEVEL = "-Onone";
			};
			name = Debug;
		};
		70050647266B991700168A21 /* Release */ = {
			isa = XCBuildConfiguration;
			buildSettings = {
				ALWAYS_SEARCH_USER_PATHS = NO;
				CLANG_ANALYZER_NONNULL = YES;
				CLANG_ANALYZER_NUMBER_OBJECT_CONVERSION = YES_AGGRESSIVE;
				CLANG_CXX_LANGUAGE_STANDARD = "gnu++14";
				CLANG_CXX_LIBRARY = "libc++";
				CLANG_ENABLE_MODULES = YES;
				CLANG_ENABLE_OBJC_ARC = YES;
				CLANG_ENABLE_OBJC_WEAK = YES;
				CLANG_WARN_BLOCK_CAPTURE_AUTORELEASING = YES;
				CLANG_WARN_BOOL_CONVERSION = YES;
				CLANG_WARN_COMMA = YES;
				CLANG_WARN_CONSTANT_CONVERSION = YES;
				CLANG_WARN_DEPRECATED_OBJC_IMPLEMENTATIONS = YES;
				CLANG_WARN_DIRECT_OBJC_ISA_USAGE = YES_ERROR;
				CLANG_WARN_DOCUMENTATION_COMMENTS = YES;
				CLANG_WARN_EMPTY_BODY = YES;
				CLANG_WARN_ENUM_CONVERSION = YES;
				CLANG_WARN_INFINITE_RECURSION = YES;
				CLANG_WARN_INT_CONVERSION = YES;
				CLANG_WARN_NON_LITERAL_NULL_CONVERSION = YES;
				CLANG_WARN_OBJC_IMPLICIT_RETAIN_SELF = YES;
				CLANG_WARN_OBJC_LITERAL_CONVERSION = YES;
				CLANG_WARN_OBJC_ROOT_CLASS = YES_ERROR;
				CLANG_WARN_QUOTED_INCLUDE_IN_FRAMEWORK_HEADER = YES;
				CLANG_WARN_RANGE_LOOP_ANALYSIS = YES;
				CLANG_WARN_STRICT_PROTOTYPES = YES;
				CLANG_WARN_SUSPICIOUS_MOVE = YES;
				CLANG_WARN_UNGUARDED_AVAILABILITY = YES_AGGRESSIVE;
				CLANG_WARN_UNREACHABLE_CODE = YES;
				CLANG_WARN__DUPLICATE_METHOD_MATCH = YES;
				COPY_PHASE_STRIP = NO;
				DEBUG_INFORMATION_FORMAT = "dwarf-with-dsym";
				ENABLE_NS_ASSERTIONS = NO;
				ENABLE_STRICT_OBJC_MSGSEND = YES;
				GCC_C_LANGUAGE_STANDARD = gnu11;
				GCC_NO_COMMON_BLOCKS = YES;
				GCC_WARN_64_TO_32_BIT_CONVERSION = YES;
				GCC_WARN_ABOUT_RETURN_TYPE = YES_ERROR;
				GCC_WARN_UNDECLARED_SELECTOR = YES;
				GCC_WARN_UNINITIALIZED_AUTOS = YES_AGGRESSIVE;
				GCC_WARN_UNUSED_FUNCTION = YES;
				GCC_WARN_UNUSED_VARIABLE = YES;
				IPHONEOS_DEPLOYMENT_TARGET = 14.4;
				MTL_ENABLE_DEBUG_INFO = NO;
				MTL_FAST_MATH = YES;
				SDKROOT = iphoneos;
				SWIFT_COMPILATION_MODE = wholemodule;
				SWIFT_OPTIMIZATION_LEVEL = "-O";
				VALIDATE_PRODUCT = YES;
			};
			name = Release;
		};
		70050649266B991700168A21 /* Debug */ = {
			isa = XCBuildConfiguration;
			buildSettings = {
				ASSETCATALOG_COMPILER_APPICON_NAME = AppIcon;
				ASSETCATALOG_COMPILER_GLOBAL_ACCENT_COLOR_NAME = AccentColor;
				CODE_SIGN_STYLE = Automatic;
				DEVELOPMENT_TEAM = 48826GXNFZ;
				INFOPLIST_FILE = VkFeedNews/Info.plist;
				LD_RUNPATH_SEARCH_PATHS = (
					"$(inherited)",
					"@executable_path/Frameworks",
				);
				PRODUCT_BUNDLE_IDENTIFIER = MyTestingApp.VkFeedNews;
				PRODUCT_NAME = "$(TARGET_NAME)";
				SWIFT_VERSION = 5.0;
				TARGETED_DEVICE_FAMILY = "1,2";
			};
			name = Debug;
		};
		7005064A266B991700168A21 /* Release */ = {
			isa = XCBuildConfiguration;
			buildSettings = {
				ASSETCATALOG_COMPILER_APPICON_NAME = AppIcon;
				ASSETCATALOG_COMPILER_GLOBAL_ACCENT_COLOR_NAME = AccentColor;
				CODE_SIGN_STYLE = Automatic;
				DEVELOPMENT_TEAM = 48826GXNFZ;
				INFOPLIST_FILE = VkFeedNews/Info.plist;
				LD_RUNPATH_SEARCH_PATHS = (
					"$(inherited)",
					"@executable_path/Frameworks",
				);
				PRODUCT_BUNDLE_IDENTIFIER = MyTestingApp.VkFeedNews;
				PRODUCT_NAME = "$(TARGET_NAME)";
				SWIFT_VERSION = 5.0;
				TARGETED_DEVICE_FAMILY = "1,2";
			};
			name = Release;
		};
/* End XCBuildConfiguration section */

/* Begin XCConfigurationList section */
		7005062F266B991600168A21 /* Build configuration list for PBXProject "VkFeedNews" */ = {
			isa = XCConfigurationList;
			buildConfigurations = (
				70050646266B991700168A21 /* Debug */,
				70050647266B991700168A21 /* Release */,
			);
			defaultConfigurationIsVisible = 0;
			defaultConfigurationName = Release;
		};
		70050648266B991700168A21 /* Build configuration list for PBXNativeTarget "VkFeedNews" */ = {
			isa = XCConfigurationList;
			buildConfigurations = (
				70050649266B991700168A21 /* Debug */,
				7005064A266B991700168A21 /* Release */,
			);
			defaultConfigurationIsVisible = 0;
			defaultConfigurationName = Release;
		};
/* End XCConfigurationList section */
	};
	rootObject = 7005062C266B991600168A21 /* Project object */;
}
